
Microsoft Visual Studio Solution File, Format Version 12.00
Project("{FAE04EC0-301F-11D3-BF4B-00C04F79EFBC}") = "rokka-client-c-sharp", "rokka-client-c-sharp/rokka-client-c-sharp.csproj", "{AA88437C-B50A-4C3A-AA5D-A4C3D1BD9B47}"
EndProject
Project("{FAE04EC0-301F-11D3-BF4B-00C04F79EFBC}") = "rokka-client-c-sharp.tests", "rokka-client-c-sharp.tests\rokka-client-c-sharp.tests.csproj", "{4F219CF0-2248-4ABF-937F-C2F24D884E81}"
EndProject
Global
	GlobalSection(SolutionConfigurationPlatforms) = preSolution
		Debug|Any CPU = Debug|Any CPU
		Release|Any CPU = Release|Any CPU
	EndGlobalSection
	GlobalSection(ProjectConfigurationPlatforms) = postSolution
		{AA88437C-B50A-4C3A-AA5D-A4C3D1BD9B47}.Debug|Any CPU.ActiveCfg = Debug|Any CPU
		{AA88437C-B50A-4C3A-AA5D-A4C3D1BD9B47}.Debug|Any CPU.Build.0 = Debug|Any CPU
		{AA88437C-B50A-4C3A-AA5D-A4C3D1BD9B47}.Release|Any CPU.ActiveCfg = Release|Any CPU
		{AA88437C-B50A-4C3A-AA5D-A4C3D1BD9B47}.Release|Any CPU.Build.0 = Release|Any CPU
		{4F219CF0-2248-4ABF-937F-C2F24D884E81}.Debug|Any CPU.ActiveCfg = Debug|Any CPU
		{4F219CF0-2248-4ABF-937F-C2F24D884E81}.Debug|Any CPU.Build.0 = Debug|Any CPU
		{4F219CF0-2248-4ABF-937F-C2F24D884E81}.Release|Any CPU.ActiveCfg = Release|Any CPU
		{4F219CF0-2248-4ABF-937F-C2F24D884E81}.Release|Any CPU.Build.0 = Release|Any CPU
	EndGlobalSection
EndGlobal
